
Microsoft Visual Studio Solution File, Format Version 12.00
# Visual Studio 14
VisualStudioVersion = 14.0.23107.0
MinimumVisualStudioVersion = 10.0.40219.1
Project("{FAE04EC0-301F-11D3-BF4B-00C04F79EFBC}") = "IPC.FTP", "IPC.Solution\IPC.FTP.csproj", "{CA932CFD-6C77-45E5-AFF1-699CE89FFE4A}"
EndProject
Project("{FAE04EC0-301F-11D3-BF4B-00C04F79EFBC}") = "IPC.Client", "IPC.Client\IPC.Client.csproj", "{2A98574D-E836-4474-A9DE-FF954626ABFD}"
EndProject
Project("{FAE04EC0-301F-11D3-BF4B-00C04F79EFBC}") = "IPC.Model", "IPC.Model\IPC.Model.csproj", "{C62721BA-51B5-49E0-820B-A2A8F5FEF9A3}"
EndProject
Project("{FAE04EC0-301F-11D3-BF4B-00C04F79EFBC}") = "IPC.Test", "IPC.Test\IPC.Test.csproj", "{07307C3B-0DB9-4575-9A44-5D8F974463A3}"
EndProject
Project("{FAE04EC0-301F-11D3-BF4B-00C04F79EFBC}") = "IPC.SyncEngine", "IPC.SyncEngine\IPC.SyncEngine.csproj", "{55F155AB-37EE-417B-BE19-0EB6566FD7DC}"
EndProject
Project("{FAE04EC0-301F-11D3-BF4B-00C04F79EFBC}") = "IPC.Service", "IPC.Service\IPC.Service.csproj", "{815AED99-670D-49AB-96D1-ED1238FFE949}"
EndProject
Project("{54435603-DBB4-11D2-8724-00A0C9A8B90C}") = "IPC.Setup", "IPC.Setup\IPC.Setup.vdproj", "{55F97CA5-8710-4731-907C-361707D2C943}"
EndProject
Project("{FAE04EC0-301F-11D3-BF4B-00C04F79EFBC}") = "Common.Azure", "..\..\Common\Common\Common\Common.Azure\Common.Azure.csproj", "{CAFF18BF-A672-48C5-BA9D-7B1E6C2D217C}"
EndProject
Project("{FAE04EC0-301F-11D3-BF4B-00C04F79EFBC}") = "IPC.WebApi4", "IPC.WebApi4\IPC.WebApi4.csproj", "{2A7E7080-805B-42D2-B580-DA5E6320AA68}"
EndProject
Project("{FAE04EC0-301F-11D3-BF4B-00C04F79EFBC}") = "Common.Model", "..\..\Common\Common\Common\Common.Model\Common.Model.csproj", "{3E8C64D9-8211-47A4-B8D9-34ADBC42B0D2}"
EndProject
Project("{FAE04EC0-301F-11D3-BF4B-00C04F79EFBC}") = "Common.Test", "..\..\Common\Common\Common\Common.Test\Common.Test.csproj", "{060493D5-B390-4A47-BDE9-6D60FE384F67}"
EndProject
Global
	GlobalSection(SolutionConfigurationPlatforms) = preSolution
		Debug|Any CPU = Debug|Any CPU
		Release|Any CPU = Release|Any CPU
	EndGlobalSection
	GlobalSection(ProjectConfigurationPlatforms) = postSolution
		{CA932CFD-6C77-45E5-AFF1-699CE89FFE4A}.Debug|Any CPU.ActiveCfg = Debug|Any CPU
		{CA932CFD-6C77-45E5-AFF1-699CE89FFE4A}.Debug|Any CPU.Build.0 = Debug|Any CPU
		{CA932CFD-6C77-45E5-AFF1-699CE89FFE4A}.Release|Any CPU.ActiveCfg = Release|Any CPU
		{CA932CFD-6C77-45E5-AFF1-699CE89FFE4A}.Release|Any CPU.Build.0 = Release|Any CPU
		{2A98574D-E836-4474-A9DE-FF954626ABFD}.Debug|Any CPU.ActiveCfg = Debug|Any CPU
		{2A98574D-E836-4474-A9DE-FF954626ABFD}.Debug|Any CPU.Build.0 = Debug|Any CPU
		{2A98574D-E836-4474-A9DE-FF954626ABFD}.Release|Any CPU.ActiveCfg = Release|Any CPU
		{2A98574D-E836-4474-A9DE-FF954626ABFD}.Release|Any CPU.Build.0 = Release|Any CPU
		{C62721BA-51B5-49E0-820B-A2A8F5FEF9A3}.Debug|Any CPU.ActiveCfg = Debug|Any CPU
		{C62721BA-51B5-49E0-820B-A2A8F5FEF9A3}.Debug|Any CPU.Build.0 = Debug|Any CPU
		{C62721BA-51B5-49E0-820B-A2A8F5FEF9A3}.Release|Any CPU.ActiveCfg = Release|Any CPU
		{C62721BA-51B5-49E0-820B-A2A8F5FEF9A3}.Release|Any CPU.Build.0 = Release|Any CPU
		{07307C3B-0DB9-4575-9A44-5D8F974463A3}.Debug|Any CPU.ActiveCfg = Debug|Any CPU
		{07307C3B-0DB9-4575-9A44-5D8F974463A3}.Debug|Any CPU.Build.0 = Debug|Any CPU
		{07307C3B-0DB9-4575-9A44-5D8F974463A3}.Release|Any CPU.ActiveCfg = Release|Any CPU
		{07307C3B-0DB9-4575-9A44-5D8F974463A3}.Release|Any CPU.Build.0 = Release|Any CPU
		{55F155AB-37EE-417B-BE19-0EB6566FD7DC}.Debug|Any CPU.ActiveCfg = Debug|Any CPU
		{55F155AB-37EE-417B-BE19-0EB6566FD7DC}.Debug|Any CPU.Build.0 = Debug|Any CPU
		{55F155AB-37EE-417B-BE19-0EB6566FD7DC}.Release|Any CPU.ActiveCfg = Release|Any CPU
		{55F155AB-37EE-417B-BE19-0EB6566FD7DC}.Release|Any CPU.Build.0 = Release|Any CPU
		{815AED99-670D-49AB-96D1-ED1238FFE949}.Debug|Any CPU.ActiveCfg = Debug|Any CPU
		{815AED99-670D-49AB-96D1-ED1238FFE949}.Debug|Any CPU.Build.0 = Debug|Any CPU
		{815AED99-670D-49AB-96D1-ED1238FFE949}.Release|Any CPU.ActiveCfg = Release|Any CPU
		{815AED99-670D-49AB-96D1-ED1238FFE949}.Release|Any CPU.Build.0 = Release|Any CPU
		{55F97CA5-8710-4731-907C-361707D2C943}.Debug|Any CPU.ActiveCfg = Debug
		{55F97CA5-8710-4731-907C-361707D2C943}.Release|Any CPU.ActiveCfg = Release
		{CAFF18BF-A672-48C5-BA9D-7B1E6C2D217C}.Debug|Any CPU.ActiveCfg = Debug|Any CPU
		{CAFF18BF-A672-48C5-BA9D-7B1E6C2D217C}.Debug|Any CPU.Build.0 = Debug|Any CPU
		{CAFF18BF-A672-48C5-BA9D-7B1E6C2D217C}.Release|Any CPU.ActiveCfg = Release|Any CPU
		{CAFF18BF-A672-48C5-BA9D-7B1E6C2D217C}.Release|Any CPU.Build.0 = Release|Any CPU
		{2A7E7080-805B-42D2-B580-DA5E6320AA68}.Debug|Any CPU.ActiveCfg = Debug|Any CPU
		{2A7E7080-805B-42D2-B580-DA5E6320AA68}.Debug|Any CPU.Build.0 = Debug|Any CPU
		{2A7E7080-805B-42D2-B580-DA5E6320AA68}.Release|Any CPU.ActiveCfg = Release|Any CPU
		{2A7E7080-805B-42D2-B580-DA5E6320AA68}.Release|Any CPU.Build.0 = Release|Any CPU
		{3E8C64D9-8211-47A4-B8D9-34ADBC42B0D2}.Debug|Any CPU.ActiveCfg = Debug|Any CPU
		{3E8C64D9-8211-47A4-B8D9-34ADBC42B0D2}.Debug|Any CPU.Build.0 = Debug|Any CPU
		{3E8C64D9-8211-47A4-B8D9-34ADBC42B0D2}.Release|Any CPU.ActiveCfg = Release|Any CPU
		{3E8C64D9-8211-47A4-B8D9-34ADBC42B0D2}.Release|Any CPU.Build.0 = Release|Any CPU
		{060493D5-B390-4A47-BDE9-6D60FE384F67}.Debug|Any CPU.ActiveCfg = Debug|Any CPU
		{060493D5-B390-4A47-BDE9-6D60FE384F67}.Debug|Any CPU.Build.0 = Debug|Any CPU
		{060493D5-B390-4A47-BDE9-6D60FE384F67}.Release|Any CPU.ActiveCfg = Release|Any CPU
		{060493D5-B390-4A47-BDE9-6D60FE384F67}.Release|Any CPU.Build.0 = Release|Any CPU
	EndGlobalSection
	GlobalSection(SolutionProperties) = preSolution
		HideSolutionNode = FALSE
	EndGlobalSection
EndGlobal
